
Microsoft Visual Studio Solution File, Format Version 12.00
# Visual Studio Version 17
VisualStudioVersion = 17.9.34622.214
MinimumVisualStudioVersion = 10.0.40219.1
Project("{2150E333-8FDC-42A3-9474-1A3956D46DE8}") = "src", "src", "{F399E1F2-0432-4261-9702-1F60F44D17CF}"
EndProject
Project("{9A19103F-16F7-4668-BE54-9A1E7A4F7556}") = "AuthDemoBlazor.Domain", "AuthDemoBlazor.Domain\AuthDemoBlazor.Domain.csproj", "{3101755E-14D4-417E-AC57-49C44B6ECE5A}"
EndProject
Project("{9A19103F-16F7-4668-BE54-9A1E7A4F7556}") = "AuthDemoBlazor.Application", "AuthDemoBlazor.Application\AuthDemoBlazor.Application.csproj", "{2B011D00-CBAA-465A-BD9E-93AE86C82F77}"
EndProject
Project("{9A19103F-16F7-4668-BE54-9A1E7A4F7556}") = "AuthDemoBlazor.Infrastructure", "AuthDemoBlazor.Infrastructure\AuthDemoBlazor.Infrastructure.csproj", "{FDD31607-DAF5-4D49-9DD4-FE4B88EC9732}"
EndProject
Project("{9A19103F-16F7-4668-BE54-9A1E7A4F7556}") = "AuthDemoBlazor.WebUI", "AuthDemoBlazor.WebUI\AuthDemoBlazor.WebUI\AuthDemoBlazor.WebUI.csproj", "{FE0C27A1-D4D0-4EA3-8CF2-D07FA05FBC2E}"
EndProject
Project("{9A19103F-16F7-4668-BE54-9A1E7A4F7556}") = "AuthDemoBlazor.WebUI.Client", "AuthDemoBlazor.WebUI\AuthDemoBlazor.WebUI.Client\AuthDemoBlazor.WebUI.Client.csproj", "{5E78D253-63D0-42F0-8BE5-BE16B3BFDE45}"
EndProject
Project("{E53339B2-1760-4266-BCC7-CA923CBCF16C}") = "docker-compose", "docker-compose.dcproj", "{79C6AA2C-1DE4-49FE-933C-1652B1D63E94}"
EndProject
Global
	GlobalSection(SolutionConfigurationPlatforms) = preSolution
		Debug|Any CPU = Debug|Any CPU
		Release|Any CPU = Release|Any CPU
	EndGlobalSection
	GlobalSection(ProjectConfigurationPlatforms) = postSolution
		{3101755E-14D4-417E-AC57-49C44B6ECE5A}.Debug|Any CPU.ActiveCfg = Debug|Any CPU
		{3101755E-14D4-417E-AC57-49C44B6ECE5A}.Debug|Any CPU.Build.0 = Debug|Any CPU
		{3101755E-14D4-417E-AC57-49C44B6ECE5A}.Release|Any CPU.ActiveCfg = Release|Any CPU
		{3101755E-14D4-417E-AC57-49C44B6ECE5A}.Release|Any CPU.Build.0 = Release|Any CPU
		{2B011D00-CBAA-465A-BD9E-93AE86C82F77}.Debug|Any CPU.ActiveCfg = Debug|Any CPU
		{2B011D00-CBAA-465A-BD9E-93AE86C82F77}.Debug|Any CPU.Build.0 = Debug|Any CPU
		{2B011D00-CBAA-465A-BD9E-93AE86C82F77}.Release|Any CPU.ActiveCfg = Release|Any CPU
		{2B011D00-CBAA-465A-BD9E-93AE86C82F77}.Release|Any CPU.Build.0 = Release|Any CPU
		{FDD31607-DAF5-4D49-9DD4-FE4B88EC9732}.Debug|Any CPU.ActiveCfg = Debug|Any CPU
		{FDD31607-DAF5-4D49-9DD4-FE4B88EC9732}.Debug|Any CPU.Build.0 = Debug|Any CPU
		{FDD31607-DAF5-4D49-9DD4-FE4B88EC9732}.Release|Any CPU.ActiveCfg = Release|Any CPU
		{FDD31607-DAF5-4D49-9DD4-FE4B88EC9732}.Release|Any CPU.Build.0 = Release|Any CPU
		{FE0C27A1-D4D0-4EA3-8CF2-D07FA05FBC2E}.Debug|Any CPU.ActiveCfg = Debug|Any CPU
		{FE0C27A1-D4D0-4EA3-8CF2-D07FA05FBC2E}.Debug|Any CPU.Build.0 = Debug|Any CPU
		{FE0C27A1-D4D0-4EA3-8CF2-D07FA05FBC2E}.Release|Any CPU.ActiveCfg = Release|Any CPU
		{FE0C27A1-D4D0-4EA3-8CF2-D07FA05FBC2E}.Release|Any CPU.Build.0 = Release|Any CPU
		{5E78D253-63D0-42F0-8BE5-BE16B3BFDE45}.Debug|Any CPU.ActiveCfg = Debug|Any CPU
		{5E78D253-63D0-42F0-8BE5-BE16B3BFDE45}.Debug|Any CPU.Build.0 = Debug|Any CPU
		{5E78D253-63D0-42F0-8BE5-BE16B3BFDE45}.Release|Any CPU.ActiveCfg = Release|Any CPU
		{5E78D253-63D0-42F0-8BE5-BE16B3BFDE45}.Release|Any CPU.Build.0 = Release|Any CPU
		{79C6AA2C-1DE4-49FE-933C-1652B1D63E94}.Debug|Any CPU.ActiveCfg = Debug|Any CPU
		{79C6AA2C-1DE4-49FE-933C-1652B1D63E94}.Debug|Any CPU.Build.0 = Debug|Any CPU
		{79C6AA2C-1DE4-49FE-933C-1652B1D63E94}.Release|Any CPU.ActiveCfg = Release|Any CPU
		{79C6AA2C-1DE4-49FE-933C-1652B1D63E94}.Release|Any CPU.Build.0 = Release|Any CPU
	EndGlobalSection
	GlobalSection(SolutionProperties) = preSolution
		HideSolutionNode = FALSE
	EndGlobalSection
	GlobalSection(NestedProjects) = preSolution
		{3101755E-14D4-417E-AC57-49C44B6ECE5A} = {F399E1F2-0432-4261-9702-1F60F44D17CF}
		{2B011D00-CBAA-465A-BD9E-93AE86C82F77} = {F399E1F2-0432-4261-9702-1F60F44D17CF}
		{FDD31607-DAF5-4D49-9DD4-FE4B88EC9732} = {F399E1F2-0432-4261-9702-1F60F44D17CF}
		{FE0C27A1-D4D0-4EA3-8CF2-D07FA05FBC2E} = {F399E1F2-0432-4261-9702-1F60F44D17CF}
		{5E78D253-63D0-42F0-8BE5-BE16B3BFDE45} = {F399E1F2-0432-4261-9702-1F60F44D17CF}
	EndGlobalSection
	GlobalSection(ExtensibilityGlobals) = postSolution
		SolutionGuid = {E735E145-D669-4B33-A6ED-C617712B0397}
	EndGlobalSection
EndGlobal
